// !$*UTF8*$!
{
	archiveVersion = 1;
	classes = {
	};
	objectVersion = 56;
	objects = {

/* Begin PBXBuildFile section */
		5E14A14E2C17270700830C4E /* InfoRow.swift in Sources */ = {isa = PBXBuildFile; fileRef = 5E14A14D2C17270700830C4E /* InfoRow.swift */; };
		5E14A1502C17275A00830C4E /* PlayerRow.swift in Sources */ = {isa = PBXBuildFile; fileRef = 5E14A14F2C17275A00830C4E /* PlayerRow.swift */; };
		5EE803FF2C15EAF500DE82A1 /* FootballLeagueApplicationApp.swift in Sources */ = {isa = PBXBuildFile; fileRef = 5EE803FE2C15EAF500DE82A1 /* FootballLeagueApplicationApp.swift */; };
		5EE804012C15EAF500DE82A1 /* ContentView.swift in Sources */ = {isa = PBXBuildFile; fileRef = 5EE804002C15EAF500DE82A1 /* ContentView.swift */; };
		5EE804032C15EAF900DE82A1 /* Assets.xcassets in Resources */ = {isa = PBXBuildFile; fileRef = 5EE804022C15EAF900DE82A1 /* Assets.xcassets */; };
		5EE804062C15EAF900DE82A1 /* Preview Assets.xcassets in Resources */ = {isa = PBXBuildFile; fileRef = 5EE804052C15EAF900DE82A1 /* Preview Assets.xcassets */; };
		5EE8040E2C15F36500DE82A1 /* NetworkManager.swift in Sources */ = {isa = PBXBuildFile; fileRef = 5EE8040D2C15F36500DE82A1 /* NetworkManager.swift */; };
		5EE804102C15F8D600DE82A1 /* URLCreator.swift in Sources */ = {isa = PBXBuildFile; fileRef = 5EE8040F2C15F8D600DE82A1 /* URLCreator.swift */; };
		5EE8041B2C16054400DE82A1 /* CompetitionsView.swift in Sources */ = {isa = PBXBuildFile; fileRef = 5EE8041A2C16054400DE82A1 /* CompetitionsView.swift */; };
		5EE8041D2C1605C600DE82A1 /* Competions.swift in Sources */ = {isa = PBXBuildFile; fileRef = 5EE8041C2C1605C600DE82A1 /* Competions.swift */; };
		5EE8041F2C160CFB00DE82A1 /* CompetitionDetailView.swift in Sources */ = {isa = PBXBuildFile; fileRef = 5EE8041E2C160CFB00DE82A1 /* CompetitionDetailView.swift */; };
		5EE804212C160D1500DE82A1 /* TeamDetailView.swift in Sources */ = {isa = PBXBuildFile; fileRef = 5EE804202C160D1500DE82A1 /* TeamDetailView.swift */; };
		5EE804232C160D5100DE82A1 /* CompetitionsViewModel.swift in Sources */ = {isa = PBXBuildFile; fileRef = 5EE804222C160D5100DE82A1 /* CompetitionsViewModel.swift */; };
		5EE804252C160F4500DE82A1 /* Alerts.swift in Sources */ = {isa = PBXBuildFile; fileRef = 5EE804242C160F4500DE82A1 /* Alerts.swift */; };
		5EE804272C160F8900DE82A1 /* ErrorMessages.swift in Sources */ = {isa = PBXBuildFile; fileRef = 5EE804262C160F8900DE82A1 /* ErrorMessages.swift */; };
		5EE8042D2C16211B00DE82A1 /* CompetitionsDetailsModel.swift in Sources */ = {isa = PBXBuildFile; fileRef = 5EE8042C2C16211B00DE82A1 /* CompetitionsDetailsModel.swift */; };
		5EE8042F2C16226900DE82A1 /* TeamsModel.swift in Sources */ = {isa = PBXBuildFile; fileRef = 5EE8042E2C16226900DE82A1 /* TeamsModel.swift */; };
		5EE804312C162DD000DE82A1 /* ProgressView.swift in Sources */ = {isa = PBXBuildFile; fileRef = 5EE804302C162DD000DE82A1 /* ProgressView.swift */; };
		5EE804352C16612800DE82A1 /* CompetitionListCell.swift in Sources */ = {isa = PBXBuildFile; fileRef = 5EE804342C16612800DE82A1 /* CompetitionListCell.swift */; };
/* End PBXBuildFile section */

/* Begin PBXFileReference section */
		5E14A14D2C17270700830C4E /* InfoRow.swift */ = {isa = PBXFileReference; lastKnownFileType = sourcecode.swift; path = InfoRow.swift; sourceTree = "<group>"; };
		5E14A14F2C17275A00830C4E /* PlayerRow.swift */ = {isa = PBXFileReference; lastKnownFileType = sourcecode.swift; path = PlayerRow.swift; sourceTree = "<group>"; };
		5EE803FB2C15EAF500DE82A1 /* FootballLeagueApplication.app */ = {isa = PBXFileReference; explicitFileType = wrapper.application; includeInIndex = 0; path = FootballLeagueApplication.app; sourceTree = BUILT_PRODUCTS_DIR; };
		5EE803FE2C15EAF500DE82A1 /* FootballLeagueApplicationApp.swift */ = {isa = PBXFileReference; lastKnownFileType = sourcecode.swift; path = FootballLeagueApplicationApp.swift; sourceTree = "<group>"; };
		5EE804002C15EAF500DE82A1 /* ContentView.swift */ = {isa = PBXFileReference; lastKnownFileType = sourcecode.swift; path = ContentView.swift; sourceTree = "<group>"; };
		5EE804022C15EAF900DE82A1 /* Assets.xcassets */ = {isa = PBXFileReference; lastKnownFileType = folder.assetcatalog; path = Assets.xcassets; sourceTree = "<group>"; };
		5EE804052C15EAF900DE82A1 /* Preview Assets.xcassets */ = {isa = PBXFileReference; lastKnownFileType = folder.assetcatalog; path = "Preview Assets.xcassets"; sourceTree = "<group>"; };
		5EE8040D2C15F36500DE82A1 /* NetworkManager.swift */ = {isa = PBXFileReference; lastKnownFileType = sourcecode.swift; path = NetworkManager.swift; sourceTree = "<group>"; };
		5EE8040F2C15F8D600DE82A1 /* URLCreator.swift */ = {isa = PBXFileReference; lastKnownFileType = sourcecode.swift; path = URLCreator.swift; sourceTree = "<group>"; };
		5EE8041A2C16054400DE82A1 /* CompetitionsView.swift */ = {isa = PBXFileReference; lastKnownFileType = sourcecode.swift; path = CompetitionsView.swift; sourceTree = "<group>"; };
		5EE8041C2C1605C600DE82A1 /* Competions.swift */ = {isa = PBXFileReference; lastKnownFileType = sourcecode.swift; path = Competions.swift; sourceTree = "<group>"; };
		5EE8041E2C160CFB00DE82A1 /* CompetitionDetailView.swift */ = {isa = PBXFileReference; lastKnownFileType = sourcecode.swift; path = CompetitionDetailView.swift; sourceTree = "<group>"; };
		5EE804202C160D1500DE82A1 /* TeamDetailView.swift */ = {isa = PBXFileReference; lastKnownFileType = sourcecode.swift; path = TeamDetailView.swift; sourceTree = "<group>"; };
		5EE804222C160D5100DE82A1 /* CompetitionsViewModel.swift */ = {isa = PBXFileReference; lastKnownFileType = sourcecode.swift; path = CompetitionsViewModel.swift; sourceTree = "<group>"; };
		5EE804242C160F4500DE82A1 /* Alerts.swift */ = {isa = PBXFileReference; lastKnownFileType = sourcecode.swift; path = Alerts.swift; sourceTree = "<group>"; };
		5EE804262C160F8900DE82A1 /* ErrorMessages.swift */ = {isa = PBXFileReference; lastKnownFileType = sourcecode.swift; path = ErrorMessages.swift; sourceTree = "<group>"; };
		5EE8042C2C16211B00DE82A1 /* CompetitionsDetailsModel.swift */ = {isa = PBXFileReference; lastKnownFileType = sourcecode.swift; path = CompetitionsDetailsModel.swift; sourceTree = "<group>"; };
		5EE8042E2C16226900DE82A1 /* TeamsModel.swift */ = {isa = PBXFileReference; lastKnownFileType = sourcecode.swift; path = TeamsModel.swift; sourceTree = "<group>"; };
		5EE804302C162DD000DE82A1 /* ProgressView.swift */ = {isa = PBXFileReference; lastKnownFileType = sourcecode.swift; path = ProgressView.swift; sourceTree = "<group>"; };
		5EE804332C165B7E00DE82A1 /* Info.plist */ = {isa = PBXFileReference; lastKnownFileType = text.plist; path = Info.plist; sourceTree = "<group>"; };
		5EE804342C16612800DE82A1 /* CompetitionListCell.swift */ = {isa = PBXFileReference; lastKnownFileType = sourcecode.swift; path = CompetitionListCell.swift; sourceTree = "<group>"; };
/* End PBXFileReference section */

/* Begin PBXFrameworksBuildPhase section */
		5EE803F82C15EAF500DE82A1 /* Frameworks */ = {
			isa = PBXFrameworksBuildPhase;
			buildActionMask = 2147483647;
			files = (
			);
			runOnlyForDeploymentPostprocessing = 0;
		};
/* End PBXFrameworksBuildPhase section */

/* Begin PBXGroup section */
		5E14A1512C1727CE00830C4E /* ViewModel */ = {
			isa = PBXGroup;
			children = (
				5EE804222C160D5100DE82A1 /* CompetitionsViewModel.swift */,
			);
			path = ViewModel;
			sourceTree = "<group>";
		};
		5E14A1522C1727DA00830C4E /* View */ = {
			isa = PBXGroup;
			children = (
				5EE8041A2C16054400DE82A1 /* CompetitionsView.swift */,
				5EE804342C16612800DE82A1 /* CompetitionListCell.swift */,
			);
			path = View;
			sourceTree = "<group>";
		};
		5E14A1532C1727E800830C4E /* ViewModel */ = {
			isa = PBXGroup;
			children = (
				5EE8042C2C16211B00DE82A1 /* CompetitionsDetailsModel.swift */,
			);
			path = ViewModel;
			sourceTree = "<group>";
		};
		5E14A1542C1727F300830C4E /* View */ = {
			isa = PBXGroup;
			children = (
				5EE8041E2C160CFB00DE82A1 /* CompetitionDetailView.swift */,
			);
			path = View;
			sourceTree = "<group>";
		};
		5EE803F22C15EAF500DE82A1 = {
			isa = PBXGroup;
			children = (
				5EE803FD2C15EAF500DE82A1 /* FootballLeagueApplication */,
				5EE803FC2C15EAF500DE82A1 /* Products */,
			);
			sourceTree = "<group>";
		};
		5EE803FC2C15EAF500DE82A1 /* Products */ = {
			isa = PBXGroup;
			children = (
				5EE803FB2C15EAF500DE82A1 /* FootballLeagueApplication.app */,
			);
			name = Products;
			sourceTree = "<group>";
		};
		5EE803FD2C15EAF500DE82A1 /* FootballLeagueApplication */ = {
			isa = PBXGroup;
			children = (
				5EE804332C165B7E00DE82A1 /* Info.plist */,
				5EE804132C1603F800DE82A1 /* Support */,
				5EE8040C2C15F34400DE82A1 /* Utilities */,
				5EE804162C1604A900DE82A1 /* Models */,
				5EE804172C1604B000DE82A1 /* Views */,
				5EE804182C1604D000DE82A1 /* ViewModels */,
				5EE804192C16051400DE82A1 /* Screens */,
				5EE804022C15EAF900DE82A1 /* Assets.xcassets */,
				5EE804042C15EAF900DE82A1 /* Preview Content */,
			);
			path = FootballLeagueApplication;
			sourceTree = "<group>";
		};
		5EE804042C15EAF900DE82A1 /* Preview Content */ = {
			isa = PBXGroup;
			children = (
				5EE804052C15EAF900DE82A1 /* Preview Assets.xcassets */,
			);
			path = "Preview Content";
			sourceTree = "<group>";
		};
		5EE8040C2C15F34400DE82A1 /* Utilities */ = {
			isa = PBXGroup;
			children = (
				5EE8040D2C15F36500DE82A1 /* NetworkManager.swift */,
				5EE8040F2C15F8D600DE82A1 /* URLCreator.swift */,
				5EE804242C160F4500DE82A1 /* Alerts.swift */,
				5EE804262C160F8900DE82A1 /* ErrorMessages.swift */,
			);
			path = Utilities;
			sourceTree = "<group>";
		};
		5EE804132C1603F800DE82A1 /* Support */ = {
			isa = PBXGroup;
			children = (
				5EE803FE2C15EAF500DE82A1 /* FootballLeagueApplicationApp.swift */,
				5EE804002C15EAF500DE82A1 /* ContentView.swift */,
			);
			path = Support;
			sourceTree = "<group>";
		};
		5EE804162C1604A900DE82A1 /* Models */ = {
			isa = PBXGroup;
			children = (
				5EE8041C2C1605C600DE82A1 /* Competions.swift */,
				5EE8042E2C16226900DE82A1 /* TeamsModel.swift */,
			);
			path = Models;
			sourceTree = "<group>";
		};
		5EE804172C1604B000DE82A1 /* Views */ = {
			isa = PBXGroup;
			children = (
				5EE804302C162DD000DE82A1 /* ProgressView.swift */,
				5E14A14D2C17270700830C4E /* InfoRow.swift */,
			);
			path = Views;
			sourceTree = "<group>";
		};
		5EE804182C1604D000DE82A1 /* ViewModels */ = {
			isa = PBXGroup;
			children = (
			);
			path = ViewModels;
			sourceTree = "<group>";
		};
		5EE804192C16051400DE82A1 /* Screens */ = {
			isa = PBXGroup;
			children = (
				5EE804282C1620B700DE82A1 /* Competitions */,
				5EE8042B2C16210A00DE82A1 /* CompetitionsDetails */,
				5EE804322C164C8800DE82A1 /* Teams */,
			);
			path = Screens;
			sourceTree = "<group>";
		};
		5EE804282C1620B700DE82A1 /* Competitions */ = {
			isa = PBXGroup;
			children = (
				5E14A1522C1727DA00830C4E /* View */,
				5E14A1512C1727CE00830C4E /* ViewModel */,
			);
			path = Competitions;
			sourceTree = "<group>";
		};
		5EE8042B2C16210A00DE82A1 /* CompetitionsDetails */ = {
			isa = PBXGroup;
			children = (
				5E14A1542C1727F300830C4E /* View */,
				5E14A1532C1727E800830C4E /* ViewModel */,
			);
			path = CompetitionsDetails;
			sourceTree = "<group>";
		};
		5EE804322C164C8800DE82A1 /* Teams */ = {
			isa = PBXGroup;
			children = (
				5EE804202C160D1500DE82A1 /* TeamDetailView.swift */,
				5E14A14F2C17275A00830C4E /* PlayerRow.swift */,
			);
			path = Teams;
			sourceTree = "<group>";
		};
/* End PBXGroup section */

/* Begin PBXNativeTarget section */
		5EE803FA2C15EAF500DE82A1 /* FootballLeagueApplication */ = {
			isa = PBXNativeTarget;
			buildConfigurationList = 5EE804092C15EAF900DE82A1 /* Build configuration list for PBXNativeTarget "FootballLeagueApplication" */;
			buildPhases = (
				5EE803F72C15EAF500DE82A1 /* Sources */,
				5EE803F82C15EAF500DE82A1 /* Frameworks */,
				5EE803F92C15EAF500DE82A1 /* Resources */,
			);
			buildRules = (
			);
			dependencies = (
			);
			name = FootballLeagueApplication;
			productName = FootballLeagueApplication;
			productReference = 5EE803FB2C15EAF500DE82A1 /* FootballLeagueApplication.app */;
			productType = "com.apple.product-type.application";
		};
/* End PBXNativeTarget section */

/* Begin PBXProject section */
		5EE803F32C15EAF500DE82A1 /* Project object */ = {
			isa = PBXProject;
			attributes = {
				BuildIndependentTargetsInParallel = 1;
				LastSwiftUpdateCheck = 1520;
				LastUpgradeCheck = 1520;
				TargetAttributes = {
					5EE803FA2C15EAF500DE82A1 = {
						CreatedOnToolsVersion = 15.2;
					};
				};
			};
			buildConfigurationList = 5EE803F62C15EAF500DE82A1 /* Build configuration list for PBXProject "FootballLeagueApplication" */;
			compatibilityVersion = "Xcode 14.0";
			developmentRegion = en;
			hasScannedForEncodings = 0;
			knownRegions = (
				en,
				Base,
			);
			mainGroup = 5EE803F22C15EAF500DE82A1;
			productRefGroup = 5EE803FC2C15EAF500DE82A1 /* Products */;
			projectDirPath = "";
			projectRoot = "";
			targets = (
				5EE803FA2C15EAF500DE82A1 /* FootballLeagueApplication */,
			);
		};
/* End PBXProject section */

/* Begin PBXResourcesBuildPhase section */
		5EE803F92C15EAF500DE82A1 /* Resources */ = {
			isa = PBXResourcesBuildPhase;
			buildActionMask = 2147483647;
			files = (
				5EE804062C15EAF900DE82A1 /* Preview Assets.xcassets in Resources */,
				5EE804032C15EAF900DE82A1 /* Assets.xcassets in Resources */,
			);
			runOnlyForDeploymentPostprocessing = 0;
		};
/* End PBXResourcesBuildPhase section */

/* Begin PBXSourcesBuildPhase section */
		5EE803F72C15EAF500DE82A1 /* Sources */ = {
			isa = PBXSourcesBuildPhase;
			buildActionMask = 2147483647;
			files = (
				5EE8042D2C16211B00DE82A1 /* CompetitionsDetailsModel.swift in Sources */,
				5E14A1502C17275A00830C4E /* PlayerRow.swift in Sources */,
				5EE8040E2C15F36500DE82A1 /* NetworkManager.swift in Sources */,
				5EE8041B2C16054400DE82A1 /* CompetitionsView.swift in Sources */,
				5EE804012C15EAF500DE82A1 /* ContentView.swift in Sources */,
				5EE8042F2C16226900DE82A1 /* TeamsModel.swift in Sources */,
				5EE804352C16612800DE82A1 /* CompetitionListCell.swift in Sources */,
				5EE8041D2C1605C600DE82A1 /* Competions.swift in Sources */,
				5E14A14E2C17270700830C4E /* InfoRow.swift in Sources */,
				5EE804102C15F8D600DE82A1 /* URLCreator.swift in Sources */,
				5EE803FF2C15EAF500DE82A1 /* FootballLeagueApplicationApp.swift in Sources */,
				5EE804272C160F8900DE82A1 /* ErrorMessages.swift in Sources */,
				5EE804212C160D1500DE82A1 /* TeamDetailView.swift in Sources */,
				5EE8041F2C160CFB00DE82A1 /* CompetitionDetailView.swift in Sources */,
				5EE804312C162DD000DE82A1 /* ProgressView.swift in Sources */,
				5EE804252C160F4500DE82A1 /* Alerts.swift in Sources */,
				5EE804232C160D5100DE82A1 /* CompetitionsViewModel.swift in Sources */,
			);
			runOnlyForDeploymentPostprocessing = 0;
		};
/* End PBXSourcesBuildPhase section */

/* Begin XCBuildConfiguration section */
		5EE804072C15EAF900DE82A1 /* Debug */ = {
			isa = XCBuildConfiguration;
			buildSettings = {
				ALWAYS_SEARCH_USER_PATHS = NO;
				ASSETCATALOG_COMPILER_GENERATE_SWIFT_ASSET_SYMBOL_EXTENSIONS = YES;
				CLANG_ANALYZER_NONNULL = YES;
				CLANG_ANALYZER_NUMBER_OBJECT_CONVERSION = YES_AGGRESSIVE;
				CLANG_CXX_LANGUAGE_STANDARD = "gnu++20";
				CLANG_ENABLE_MODULES = YES;
				CLANG_ENABLE_OBJC_ARC = YES;
				CLANG_ENABLE_OBJC_WEAK = YES;
				CLANG_WARN_BLOCK_CAPTURE_AUTORELEASING = YES;
				CLANG_WARN_BOOL_CONVERSION = YES;
				CLANG_WARN_COMMA = YES;
				CLANG_WARN_CONSTANT_CONVERSION = YES;
				CLANG_WARN_DEPRECATED_OBJC_IMPLEMENTATIONS = YES;
				CLANG_WARN_DIRECT_OBJC_ISA_USAGE = YES_ERROR;
				CLANG_WARN_DOCUMENTATION_COMMENTS = YES;
				CLANG_WARN_EMPTY_BODY = YES;
				CLANG_WARN_ENUM_CONVERSION = YES;
				CLANG_WARN_INFINITE_RECURSION = YES;
				CLANG_WARN_INT_CONVERSION = YES;
				CLANG_WARN_NON_LITERAL_NULL_CONVERSION = YES;
				CLANG_WARN_OBJC_IMPLICIT_RETAIN_SELF = YES;
				CLANG_WARN_OBJC_LITERAL_CONVERSION = YES;
				CLANG_WARN_OBJC_ROOT_CLASS = YES_ERROR;
				CLANG_WARN_QUOTED_INCLUDE_IN_FRAMEWORK_HEADER = YES;
				CLANG_WARN_RANGE_LOOP_ANALYSIS = YES;
				CLANG_WARN_STRICT_PROTOTYPES = YES;
				CLANG_WARN_SUSPICIOUS_MOVE = YES;
				CLANG_WARN_UNGUARDED_AVAILABILITY = YES_AGGRESSIVE;
				CLANG_WARN_UNREACHABLE_CODE = YES;
				CLANG_WARN__DUPLICATE_METHOD_MATCH = YES;
				COPY_PHASE_STRIP = NO;
				DEBUG_INFORMATION_FORMAT = dwarf;
				ENABLE_STRICT_OBJC_MSGSEND = YES;
				ENABLE_TESTABILITY = YES;
				ENABLE_USER_SCRIPT_SANDBOXING = YES;
				GCC_C_LANGUAGE_STANDARD = gnu17;
				GCC_DYNAMIC_NO_PIC = NO;
				GCC_NO_COMMON_BLOCKS = YES;
				GCC_OPTIMIZATION_LEVEL = 0;
				GCC_PREPROCESSOR_DEFINITIONS = (
					"DEBUG=1",
					"$(inherited)",
				);
				GCC_WARN_64_TO_32_BIT_CONVERSION = YES;
				GCC_WARN_ABOUT_RETURN_TYPE = YES_ERROR;
				GCC_WARN_UNDECLARED_SELECTOR = YES;
				GCC_WARN_UNINITIALIZED_AUTOS = YES_AGGRESSIVE;
				GCC_WARN_UNUSED_FUNCTION = YES;
				GCC_WARN_UNUSED_VARIABLE = YES;
				IPHONEOS_DEPLOYMENT_TARGET = 17.2;
				LOCALIZATION_PREFERS_STRING_CATALOGS = YES;
				MTL_ENABLE_DEBUG_INFO = INCLUDE_SOURCE;
				MTL_FAST_MATH = YES;
				ONLY_ACTIVE_ARCH = YES;
				SDKROOT = iphoneos;
				SWIFT_ACTIVE_COMPILATION_CONDITIONS = "DEBUG $(inherited)";
				SWIFT_OPTIMIZATION_LEVEL = "-Onone";
			};
			name = Debug;
		};
		5EE804082C15EAF900DE82A1 /* Release */ = {
			isa = XCBuildConfiguration;
			buildSettings = {
				ALWAYS_SEARCH_USER_PATHS = NO;
				ASSETCATALOG_COMPILER_GENERATE_SWIFT_ASSET_SYMBOL_EXTENSIONS = YES;
				CLANG_ANALYZER_NONNULL = YES;
				CLANG_ANALYZER_NUMBER_OBJECT_CONVERSION = YES_AGGRESSIVE;
				CLANG_CXX_LANGUAGE_STANDARD = "gnu++20";
				CLANG_ENABLE_MODULES = YES;
				CLANG_ENABLE_OBJC_ARC = YES;
				CLANG_ENABLE_OBJC_WEAK = YES;
				CLANG_WARN_BLOCK_CAPTURE_AUTORELEASING = YES;
				CLANG_WARN_BOOL_CONVERSION = YES;
				CLANG_WARN_COMMA = YES;
				CLANG_WARN_CONSTANT_CONVERSION = YES;
				CLANG_WARN_DEPRECATED_OBJC_IMPLEMENTATIONS = YES;
				CLANG_WARN_DIRECT_OBJC_ISA_USAGE = YES_ERROR;
				CLANG_WARN_DOCUMENTATION_COMMENTS = YES;
				CLANG_WARN_EMPTY_BODY = YES;
				CLANG_WARN_ENUM_CONVERSION = YES;
				CLANG_WARN_INFINITE_RECURSION = YES;
				CLANG_WARN_INT_CONVERSION = YES;
				CLANG_WARN_NON_LITERAL_NULL_CONVERSION = YES;
				CLANG_WARN_OBJC_IMPLICIT_RETAIN_SELF = YES;
				CLANG_WARN_OBJC_LITERAL_CONVERSION = YES;
				CLANG_WARN_OBJC_ROOT_CLASS = YES_ERROR;
				CLANG_WARN_QUOTED_INCLUDE_IN_FRAMEWORK_HEADER = YES;
				CLANG_WARN_RANGE_LOOP_ANALYSIS = YES;
				CLANG_WARN_STRICT_PROTOTYPES = YES;
				CLANG_WARN_SUSPICIOUS_MOVE = YES;
				CLANG_WARN_UNGUARDED_AVAILABILITY = YES_AGGRESSIVE;
				CLANG_WARN_UNREACHABLE_CODE = YES;
				CLANG_WARN__DUPLICATE_METHOD_MATCH = YES;
				COPY_PHASE_STRIP = NO;
				DEBUG_INFORMATION_FORMAT = "dwarf-with-dsym";
				ENABLE_NS_ASSERTIONS = NO;
				ENABLE_STRICT_OBJC_MSGSEND = YES;
				ENABLE_USER_SCRIPT_SANDBOXING = YES;
				GCC_C_LANGUAGE_STANDARD = gnu17;
				GCC_NO_COMMON_BLOCKS = YES;
				GCC_WARN_64_TO_32_BIT_CONVERSION = YES;
				GCC_WARN_ABOUT_RETURN_TYPE = YES_ERROR;
				GCC_WARN_UNDECLARED_SELECTOR = YES;
				GCC_WARN_UNINITIALIZED_AUTOS = YES_AGGRESSIVE;
				GCC_WARN_UNUSED_FUNCTION = YES;
				GCC_WARN_UNUSED_VARIABLE = YES;
				IPHONEOS_DEPLOYMENT_TARGET = 17.2;
				LOCALIZATION_PREFERS_STRING_CATALOGS = YES;
				MTL_ENABLE_DEBUG_INFO = NO;
				MTL_FAST_MATH = YES;
				SDKROOT = iphoneos;
				SWIFT_COMPILATION_MODE = wholemodule;
				VALIDATE_PRODUCT = YES;
			};
			name = Release;
		};
		5EE8040A2C15EAF900DE82A1 /* Debug */ = {
			isa = XCBuildConfiguration;
			buildSettings = {
				ASSETCATALOG_COMPILER_APPICON_NAME = AppIcon;
				ASSETCATALOG_COMPILER_GLOBAL_ACCENT_COLOR_NAME = AccentColor;
				CODE_SIGN_STYLE = Automatic;
				CURRENT_PROJECT_VERSION = 1;
				DEVELOPMENT_ASSET_PATHS = "\"FootballLeagueApplication/Preview Content\"";
				DEVELOPMENT_TEAM = 66FG6LTZLT;
				ENABLE_PREVIEWS = YES;
				GENERATE_INFOPLIST_FILE = YES;
				INFOPLIST_FILE = FootballLeagueApplication/Info.plist;
				INFOPLIST_KEY_UIApplicationSceneManifest_Generation = YES;
				INFOPLIST_KEY_UIApplicationSupportsIndirectInputEvents = YES;
				INFOPLIST_KEY_UILaunchScreen_Generation = YES;
				INFOPLIST_KEY_UISupportedInterfaceOrientations_iPad = "UIInterfaceOrientationPortrait UIInterfaceOrientationPortraitUpsideDown UIInterfaceOrientationLandscapeLeft UIInterfaceOrientationLandscapeRight";
				INFOPLIST_KEY_UISupportedInterfaceOrientations_iPhone = "UIInterfaceOrientationPortrait UIInterfaceOrientationLandscapeLeft UIInterfaceOrientationLandscapeRight";
				LD_RUNPATH_SEARCH_PATHS = (
					"$(inherited)",
					"@executable_path/Frameworks",
				);
				MARKETING_VERSION = 1.0;
				PRODUCT_BUNDLE_IDENTIFIER = com.appssquare.FootballLeagueApplication;
				PRODUCT_NAME = "$(TARGET_NAME)";
				SWIFT_EMIT_LOC_STRINGS = YES;
				SWIFT_VERSION = 5.0;
				TARGETED_DEVICE_FAMILY = "1,2";
			};
			name = Debug;
		};
		5EE8040B2C15EAF900DE82A1 /* Release */ = {
			isa = XCBuildConfiguration;
			buildSettings = {
				ASSETCATALOG_COMPILER_APPICON_NAME = AppIcon;
				ASSETCATALOG_COMPILER_GLOBAL_ACCENT_COLOR_NAME = AccentColor;
				CODE_SIGN_STYLE = Automatic;
				CURRENT_PROJECT_VERSION = 1;
				DEVELOPMENT_ASSET_PATHS = "\"FootballLeagueApplication/Preview Content\"";
				DEVELOPMENT_TEAM = 66FG6LTZLT;
				ENABLE_PREVIEWS = YES;
				GENERATE_INFOPLIST_FILE = YES;
				INFOPLIST_FILE = FootballLeagueApplication/Info.plist;
				INFOPLIST_KEY_UIApplicationSceneManifest_Generation = YES;
				INFOPLIST_KEY_UIApplicationSupportsIndirectInputEvents = YES;
				INFOPLIST_KEY_UILaunchScreen_Generation = YES;
				INFOPLIST_KEY_UISupportedInterfaceOrientations_iPad = "UIInterfaceOrientationPortrait UIInterfaceOrientationPortraitUpsideDown UIInterfaceOrientationLandscapeLeft UIInterfaceOrientationLandscapeRight";
				INFOPLIST_KEY_UISupportedInterfaceOrientations_iPhone = "UIInterfaceOrientationPortrait UIInterfaceOrientationLandscapeLeft UIInterfaceOrientationLandscapeRight";
				LD_RUNPATH_SEARCH_PATHS = (
					"$(inherited)",
					"@executable_path/Frameworks",
				);
				MARKETING_VERSION = 1.0;
				PRODUCT_BUNDLE_IDENTIFIER = com.appssquare.FootballLeagueApplication;
				PRODUCT_NAME = "$(TARGET_NAME)";
				SWIFT_EMIT_LOC_STRINGS = YES;
				SWIFT_VERSION = 5.0;
				TARGETED_DEVICE_FAMILY = "1,2";
			};
			name = Release;
		};
/* End XCBuildConfiguration section */

/* Begin XCConfigurationList section */
		5EE803F62C15EAF500DE82A1 /* Build configuration list for PBXProject "FootballLeagueApplication" */ = {
			isa = XCConfigurationList;
			buildConfigurations = (
				5EE804072C15EAF900DE82A1 /* Debug */,
				5EE804082C15EAF900DE82A1 /* Release */,
			);
			defaultConfigurationIsVisible = 0;
			defaultConfigurationName = Release;
		};
		5EE804092C15EAF900DE82A1 /* Build configuration list for PBXNativeTarget "FootballLeagueApplication" */ = {
			isa = XCConfigurationList;
			buildConfigurations = (
				5EE8040A2C15EAF900DE82A1 /* Debug */,
				5EE8040B2C15EAF900DE82A1 /* Release */,
			);
			defaultConfigurationIsVisible = 0;
			defaultConfigurationName = Release;
		};
/* End XCConfigurationList section */
	};
	rootObject = 5EE803F32C15EAF500DE82A1 /* Project object */;
}
